
Microsoft Visual Studio Solution File, Format Version 12.00
# Visual Studio Version 16
VisualStudioVersion = 16.0.34031.81
MinimumVisualStudioVersion = 10.0.40219.1
Project("{FAE04EC0-301F-11D3-BF4B-00C04F79EFBC}") = "Project_63135353", "Project_63135353\Project_63135353.csproj", "{D8F0DF5C-4058-493C-B907-78F7B8C4E387}"
EndProject
Project("{FAE04EC0-301F-11D3-BF4B-00C04F79EFBC}") = "DatabaseLayer", "DatabaseLayer\DatabaseLayer.csproj", "{1F745990-2E37-459C-9C3E-74A379A96AA6}"
EndProject
Global
	GlobalSection(SolutionConfigurationPlatforms) = preSolution
		Debug|Any CPU = Debug|Any CPU
		Release|Any CPU = Release|Any CPU
	EndGlobalSection
	GlobalSection(ProjectConfigurationPlatforms) = postSolution
		{D8F0DF5C-4058-493C-B907-78F7B8C4E387}.Debug|Any CPU.ActiveCfg = Debug|Any CPU
		{D8F0DF5C-4058-493C-B907-78F7B8C4E387}.Debug|Any CPU.Build.0 = Debug|Any CPU
		{D8F0DF5C-4058-493C-B907-78F7B8C4E387}.Release|Any CPU.ActiveCfg = Release|Any CPU
		{D8F0DF5C-4058-493C-B907-78F7B8C4E387}.Release|Any CPU.Build.0 = Release|Any CPU
		{1F745990-2E37-459C-9C3E-74A379A96AA6}.Debug|Any CPU.ActiveCfg = Debug|Any CPU
		{1F745990-2E37-459C-9C3E-74A379A96AA6}.Debug|Any CPU.Build.0 = Debug|Any CPU
		{1F745990-2E37-459C-9C3E-74A379A96AA6}.Release|Any CPU.ActiveCfg = Release|Any CPU
		{1F745990-2E37-459C-9C3E-74A379A96AA6}.Release|Any CPU.Build.0 = Release|Any CPU
	EndGlobalSection
	GlobalSection(SolutionProperties) = preSolution
		HideSolutionNode = FALSE
	EndGlobalSection
	GlobalSection(ExtensibilityGlobals) = postSolution
		SolutionGuid = {290AD47F-7CA6-44B5-A7B7-7A99B975393A}
	EndGlobalSection
EndGlobal
